{
  "requires": true,
  "lockfileVersion": 1,
  "dependencies": {
    "expression-eval": {
      "version": "3.1.2",
      "resolved": "https://registry.npmjs.org/expression-eval/-/expression-eval-3.1.2.tgz",
      "integrity": "sha512-c8ZN8fuAz0TRYKoGsrIq5kLNHtm81KAqWSBORHIY0DpJmZZrwK/r2zFDOhFIAJDV47gJ6irV7dWf1TOFpKvULQ==",
      "requires": {
        "jsep": "^0.3.0"
      }
    },
    "jsep": {
      "version": "0.3.5",
      "resolved": "https://registry.npmjs.org/jsep/-/jsep-0.3.5.tgz",
      "integrity": "sha512-AoRLBDc6JNnKjNcmonituEABS5bcfqDhQAWWXNTFrqu6nVXBpBAGfcoTGZMFlIrh9FjmE1CQyX9CTNwZrXMMDA=="
    }
  }
}
